hash: cffdb857c5fec893c9d5e626ca1309c27ae14d1702456fb3906a71682dca3ff4
updated: 2017-10-19T10:05:00.132022966+05:30
imports:
- name: github.com/auth0/go-jwt-middleware
  version: 5493cabe49f7bfa6e2ec444a09d334d90cd4e2bd
- name: github.com/baijum/pgmigration
  version: b721838087c8558dd77144d60cab73fc5a6f3735
- name: github.com/dgrijalva/jwt-go
  version: d2709f9f1f31ebcda9651b03077758c1f3a0018c
- name: github.com/elazarl/go-bindata-assetfs
  version: 30f82fa23fd844bd5bb1e5f216db87fd77b5eb43
- name: github.com/google/jsonapi
  version: 46d3ced0434461be12e555852e2f1a9ed382e139
- name: github.com/gorilla/context
  version: 08b5f424b9271eedf6f9f0ce86cb9396ed337a42
- name: github.com/gorilla/mux
  version: 24fca303ac6da784b9e8269f724ddeb0b2eea5e7
- name: github.com/jpillora/backoff
  version: 8eab2debe79d12b7bd3d10653910df25fa9552ba
- name: github.com/kelseyhightower/envconfig
  version: 462fda1f11d8cad3660e52737b8beefd27acfb3f
- name: github.com/lib/pq
  version: 017e4c14d80628353eaee677a1aeffe47a10c0dc
  subpackages:
  - oid
- name: github.com/thoas/stats
  version: 37829025d2242afb04d91572cb143e00019e2aac
- name: github.com/urfave/negroni
  version: fde5e16d32adc7ad637e9cd9ad21d4ebc6192535
- name: golang.org/x/crypto
  version: ed5229da99e3a6df35c756cd64b6982d19505d86
  subpackages:
  - pbkdf2
  - scrypt
testImports: []
