hash: 7baea8c4ae2ddea11b44802443ba350b274c1cc205ef41d0f50d60f7966a5f57
updated: 2018-05-05T15:24:32.071294574+05:30
imports:
- name: github.com/auth0/go-jwt-middleware
  version: 5493cabe49f7bfa6e2ec444a09d334d90cd4e2bd
- name: github.com/baijum/logger
  version: 109b4aa7555227378b198599f5ee8e2385e41f02
- name: github.com/baijum/pgmigration
  version: b721838087c8558dd77144d60cab73fc5a6f3735
- name: github.com/blevesearch/bleve
  version: 6eea5b78da004393b1d06b8c88d1bed9ca0a94b2
  subpackages:
  - analysis
  - analysis/analyzer/keyword
  - analysis/analyzer/standard
  - analysis/datetime/flexible
  - analysis/datetime/optional
  - analysis/lang/en
  - analysis/token/lowercase
  - analysis/token/porter
  - analysis/token/stop
  - analysis/tokenizer/single
  - analysis/tokenizer/unicode
  - document
  - geo
  - index
  - index/store
  - index/store/boltdb
  - index/store/gtreap
  - index/upsidedown
  - mapping
  - numeric
  - registry
  - search
  - search/collector
  - search/facet
  - search/highlight
  - search/highlight/format/html
  - search/highlight/fragmenter/simple
  - search/highlight/highlighter/html
  - search/highlight/highlighter/simple
  - search/query
  - search/scorer
  - search/searcher
- name: github.com/blevesearch/go-porterstemmer
  version: 23a2c8e5cf1f380f27722c6d2ae8896431dc7d0e
  repo: https://github.com/blevesearch/go-porterstemmer
- name: github.com/blevesearch/segment
  version: db70c57796cc8c310613541dfade3dce627d09c7
  repo: https://github.com/blevesearch/segment
- name: github.com/boltdb/bolt
  version: 144418e1475d8bf7abbdc48583500f1a20c62ea7
  repo: https://github.com/boltdb/bolt
- name: github.com/dgrijalva/jwt-go
  version: 06ea1031745cb8b3dab3f6a236daf2b0aa468b7e
- name: github.com/elazarl/go-bindata-assetfs
  version: 9a6736ed45b44bf3835afeebb3034b57ed329f3e
- name: github.com/golang/protobuf
  version: 655cdfa588ea190e901bc5590e65d5621688847c
  repo: https://github.com/golang/protobuf
  subpackages:
  - proto
- name: github.com/google/jsonapi
  version: 46d3ced0434461be12e555852e2f1a9ed382e139
- name: github.com/gorilla/context
  version: 08b5f424b9271eedf6f9f0ce86cb9396ed337a42
- name: github.com/gorilla/mux
  version: 53c1911da2b537f792e7cafcb446b05ffe33b996
- name: github.com/jpillora/backoff
  version: 8eab2debe79d12b7bd3d10653910df25fa9552ba
- name: github.com/kelseyhightower/envconfig
  version: f611eb38b3875cc3bd991ca91c51d06446afa14c
- name: github.com/lib/pq
  version: 83612a56d3dd153a94a629cd64925371c9adad78
  subpackages:
  - oid
- name: github.com/pkg/errors
  version: 645ef00459ed84a119197bfb8d8205042c6df63d
- name: github.com/steveyen/gtreap
  version: 0abe01ef9be25c4aedc174758ec2d917314d6d70
  repo: https://github.com/steveyen/gtreap
- name: github.com/thoas/stats
  version: 37829025d2242afb04d91572cb143e00019e2aac
- name: github.com/urfave/negroni
  version: 5dbbc83f748fc3ad38585842b0aedab546d0ea1e
- name: golang.org/x/crypto
  version: 81e90905daefcd6fd217b62423c0908922eadb30
  subpackages:
  - pbkdf2
  - scrypt
- name: golang.org/x/net
  version: e45385e9b226f570b1f086bf287b25d3d4117776
  repo: https://go.googlesource.com/net
  subpackages:
  - context
- name: golang.org/x/sys
  version: 478fcf54317e52ab69f40bb4c7a1520288d7f7ea
  subpackages:
  - unix
testImports: []
